<?xml version="1.0" encoding="utf-8"?>
<Project ToolsVersion="4.0" xmlns="http://schemas.microsoft.com/developer/msbuild/2003">
  <ItemGroup>
    <Filter Include="Source Files">
      <UniqueIdentifier>{4FC737F1-C7A5-4376-A066-2A32D752A2FF}</UniqueIdentifier>
      <Extensions>cpp;c;cc;cxx;def;odl;idl;hpj;bat;asm;asmx</Extensions>
    </Filter>
    <Filter Include="Source Files\OpenGL">
      <UniqueIdentifier>{729aa0d4-ef97-48e7-b51f-763c7286f2e7}</UniqueIdentifier>
    </Filter>
    <Filter Include="Source Files\Utilities">
      <UniqueIdentifier>{a508e63f-ceef-464f-a5c7-b1a58db03061}</UniqueIdentifier>
    </Filter>
    <Filter Include="Source Files\Data">
      <UniqueIdentifier>{d5b79dc9-95b6-485f-a124-96ea92b82064}</UniqueIdentifier>
    </Filter>
    <Filter Include="Source Files\Dialogs">
      <UniqueIdentifier>{b92ea5f0-21c2-4870-91be-b923021193b8}</UniqueIdentifier>
    </Filter>
    <Filter Include="Source Files\Misc">
      <UniqueIdentifier>{885903fb-2ac0-420e-a8c6-1703462facad}</UniqueIdentifier>
    </Filter>
    <Filter Include="Header Files">
      <UniqueIdentifier>{93995380-89BD-4b04-88EB-625FBE52EBFB}</UniqueIdentifier>
      <Extensions>h;hpp;hxx;hm;inl;inc;xsd</Extensions>
    </Filter>
    <Filter Include="Header Files\OpenGL">
      <UniqueIdentifier>{6ace2273-e114-4374-8478-c6450fc7ec3b}</UniqueIdentifier>
    </Filter>
    <Filter Include="Header Files\Data">
      <UniqueIdentifier>{0b66bde3-1fad-4480-8d50-5624ea3ce506}</UniqueIdentifier>
    </Filter>
    <Filter Include="Header Files\Utilities">
      <UniqueIdentifier>{a6f2e06c-3c53-4e5f-b99a-2fd7c51636bb}</UniqueIdentifier>
    </Filter>
    <Filter Include="Header Files\Dialogs">
      <UniqueIdentifier>{b35e1760-cebe-4f95-93df-42ad32b169d0}</UniqueIdentifier>
    </Filter>
    <Filter Include="Header Files\Misc">
      <UniqueIdentifier>{4afd634d-f5c0-47c4-8d6c-678ac91811c9}</UniqueIdentifier>
    </Filter>
    <Filter Include="Resource Files">
      <UniqueIdentifier>{67DA6AB6-F800-4c08-8B7A-83BB121AAD01}</UniqueIdentifier>
      <Extensions>rc;ico;cur;bmp;dlg;rc2;rct;bin;rgs;gif;jpg;jpeg;jpe;resx;tiff;tif;png;wav</Extensions>
    </Filter>
    <Filter Include="Header Files\Freeglut">
      <UniqueIdentifier>{154676f0-7b8a-4def-aabb-6b330f0bfe90}</UniqueIdentifier>
    </Filter>
    <Filter Include="Source Files\Freeglut">
      <UniqueIdentifier>{5fd17e52-ce6e-48b5-b155-8613b7d570d9}</UniqueIdentifier>
    </Filter>
  </ItemGroup>
  <ItemGroup>
    <ClCompile Include="src\QuadTree.cpp">
      <Filter>Source Files</Filter>
    </ClCompile>
    <ClCompile Include="src\QuadtreeApp.cpp">
      <Filter>Source Files</Filter>
    </ClCompile>
    <ClCompile Include="src\QuadtreeDemo.cpp">
      <Filter>Source Files</Filter>
    </ClCompile>
    <ClCompile Include="src\stdafx.cpp">
      <Filter>Source Files</Filter>
    </ClCompile>
    <ClCompile Include="src\OpenGL\OpenGLCamera.cpp">
      <Filter>Source Files\OpenGL</Filter>
    </ClCompile>
    <ClCompile Include="src\OpenGL\OpenGLExtensions.cpp">
      <Filter>Source Files\OpenGL</Filter>
    </ClCompile>
    <ClCompile Include="src\OpenGL\OpenGLFragmentShader.cpp">
      <Filter>Source Files\OpenGL</Filter>
    </ClCompile>
    <ClCompile Include="src\OpenGL\OpenGLProgram.cpp">
      <Filter>Source Files\OpenGL</Filter>
    </ClCompile>
    <ClCompile Include="src\OpenGL\OpenGLRenderer.cpp">
      <Filter>Source Files\OpenGL</Filter>
    </ClCompile>
    <ClCompile Include="src\OpenGL\OpenGLShader.cpp">
      <Filter>Source Files\OpenGL</Filter>
    </ClCompile>
    <ClCompile Include="src\OpenGL\OpenGLVertexShader.cpp">
      <Filter>Source Files\OpenGL</Filter>
    </ClCompile>
    <ClCompile Include="src\Utilities\AppMessageHook.cpp">
      <Filter>Source Files\Utilities</Filter>
    </ClCompile>
    <ClCompile Include="src\Utilities\trace.cpp">
      <Filter>Source Files\Utilities</Filter>
    </ClCompile>
    <ClCompile Include="src\Utilities\WindowUtils.cpp">
      <Filter>Source Files\Utilities</Filter>
    </ClCompile>
    <ClCompile Include="src\Data\MeshData.cpp">
      <Filter>Source Files\Data</Filter>
    </ClCompile>
    <ClCompile Include="src\Data\QuadTreeData.cpp">
      <Filter>Source Files\Data</Filter>
    </ClCompile>
    <ClCompile Include="src\Data\RenderData.cpp">
      <Filter>Source Files\Data</Filter>
    </ClCompile>
    <ClCompile Include="src\Dialogs\AboutDialog.cpp">
      <Filter>Source Files\Dialogs</Filter>
    </ClCompile>
    <ClCompile Include="src\Dialogs\QuadtreeInfoDialog.cpp">
      <Filter>Source Files\Dialogs</Filter>
    </ClCompile>
    <ClCompile Include="src\Misc\Vector.cpp">
      <Filter>Source Files\Misc</Filter>
    </ClCompile>
    <ClCompile Include="src\Dialogs\OpenglDialog.cpp">
      <Filter>Source Files\Dialogs</Filter>
    </ClCompile>
    <ClCompile Include="src\Freeglut\FreeglutExtensions.cpp">
      <Filter>Source Files\Freeglut</Filter>
    </ClCompile>
    <ClCompile Include="src\Dialogs\MsgBoxDialog.cpp">
      <Filter>Source Files\Dialogs</Filter>
    </ClCompile>
  </ItemGroup>
  <ItemGroup>
    <ClInclude Include="src\QuadTree.h">
      <Filter>Header Files</Filter>
    </ClInclude>
    <ClInclude Include="src\QuadtreeApp.h">
      <Filter>Header Files</Filter>
    </ClInclude>
    <ClInclude Include="src\resource.h">
      <Filter>Header Files</Filter>
    </ClInclude>
    <ClInclude Include="src\stdafx.h">
      <Filter>Header Files</Filter>
    </ClInclude>
    <ClInclude Include="src\OpenGL\glext.h">
      <Filter>Header Files\OpenGL</Filter>
    </ClInclude>
    <ClInclude Include="src\OpenGL\OpenGLCamera.h">
      <Filter>Header Files\OpenGL</Filter>
    </ClInclude>
    <ClInclude Include="src\OpenGL\OpenGLExtensions.h">
      <Filter>Header Files\OpenGL</Filter>
    </ClInclude>
    <ClInclude Include="src\OpenGL\OpenGLFragmentShader.h">
      <Filter>Header Files\OpenGL</Filter>
    </ClInclude>
    <ClInclude Include="src\OpenGL\OpenGLInterface.h">
      <Filter>Header Files\OpenGL</Filter>
    </ClInclude>
    <ClInclude Include="src\OpenGL\OpenGLProgram.h">
      <Filter>Header Files\OpenGL</Filter>
    </ClInclude>
    <ClInclude Include="src\OpenGL\OpenGLRenderer.h">
      <Filter>Header Files\OpenGL</Filter>
    </ClInclude>
    <ClInclude Include="src\OpenGL\OpenGLShader.h">
      <Filter>Header Files\OpenGL</Filter>
    </ClInclude>
    <ClInclude Include="src\OpenGL\OpenGLVertexShader.h">
      <Filter>Header Files\OpenGL</Filter>
    </ClInclude>
    <ClInclude Include="src\Data\MeshData.h">
      <Filter>Header Files\Data</Filter>
    </ClInclude>
    <ClInclude Include="src\Data\QuadTreeData.h">
      <Filter>Header Files\Data</Filter>
    </ClInclude>
    <ClInclude Include="src\Data\RenderData.h">
      <Filter>Header Files\Data</Filter>
    </ClInclude>
    <ClInclude Include="src\Utilities\AppMessageHook.h">
      <Filter>Header Files\Utilities</Filter>
    </ClInclude>
    <ClInclude Include="src\Utilities\StreamUtils.h">
      <Filter>Header Files\Utilities</Filter>
    </ClInclude>
    <ClInclude Include="src\Utilities\trace.h">
      <Filter>Header Files\Utilities</Filter>
    </ClInclude>
    <ClInclude Include="src\Utilities\WindowUtils.h">
      <Filter>Header Files\Utilities</Filter>
    </ClInclude>
    <ClInclude Include="src\Dialogs\AboutDialog.h">
      <Filter>Header Files\Dialogs</Filter>
    </ClInclude>
    <ClInclude Include="src\Dialogs\DialogBase.h">
      <Filter>Header Files\Dialogs</Filter>
    </ClInclude>
    <ClInclude Include="src\Dialogs\QuadtreeInfoDialog.h">
      <Filter>Header Files\Dialogs</Filter>
    </ClInclude>
    <ClInclude Include="src\Misc\Vector.h">
      <Filter>Header Files\Misc</Filter>
    </ClInclude>
    <ClInclude Include="src\Data\ResultData.h">
      <Filter>Header Files\Data</Filter>
    </ClInclude>
    <ClInclude Include="src\OpenGL\OpenGLDefinitions.h">
      <Filter>Header Files\OpenGL</Filter>
    </ClInclude>
    <ClInclude Include="src\Dialogs\OpenglDialog.h">
      <Filter>Header Files\Dialogs</Filter>
    </ClInclude>
    <ClInclude Include="src\OpenGL\gl.h">
      <Filter>Header Files\OpenGL</Filter>
    </ClInclude>
    <ClInclude Include="src\OpenGL\glu.h">
      <Filter>Header Files\OpenGL</Filter>
    </ClInclude>
    <ClInclude Include="src\Freeglut\freeglut_ext.h">
      <Filter>Header Files\Freeglut</Filter>
    </ClInclude>
    <ClInclude Include="src\Freeglut\freeglut_std.h">
      <Filter>Header Files\Freeglut</Filter>
    </ClInclude>
    <ClInclude Include="src\Freeglut\FreeglutExtensions.h">
      <Filter>Header Files\Freeglut</Filter>
    </ClInclude>
    <ClInclude Include="src\Version.h">
      <Filter>Header Files</Filter>
    </ClInclude>
    <ClInclude Include="src\Dialogs\MsgBoxDialog.h">
      <Filter>Header Files\Dialogs</Filter>
    </ClInclude>
  </ItemGroup>
  <ItemGroup>
    <ResourceCompile Include="src\QuadtreeDemo.rc">
      <Filter>Resource Files</Filter>
    </ResourceCompile>
  </ItemGroup>
  <ItemGroup>
    <Text Include="docs\MIT_License.txt" />
    <Text Include="docs\readme.txt" />
    <Text Include="docs\troubleshooting_guide.txt" />
  </ItemGroup>
</Project>